// !$*UTF8*$!
{
	archiveVersion = 1;
	classes = {
	};
	objectVersion = 46;
	objects = {

/* Begin PBXBuildFile section */
		EC6C7023EA5E18735C35F448 /* libPods-confluxTests.a in Frameworks */ = {isa = PBXBuildFile; fileRef = 72EB220625794A3E5C680179 /* libPods-confluxTests.a */; };
		F11F9F421AA6B4190088A456 /* Socket.mm in Sources */ = {isa = PBXBuildFile; fileRef = F11F9F411AA6B4190088A456 /* Socket.mm */; };
		F13E66531AD3805A00330539 /* KeyboardViewController.mm in Sources */ = {isa = PBXBuildFile; fileRef = F13E66521AD3805A00330539 /* KeyboardViewController.mm */; };
		F14D42891A9A8A270027C4C4 /* Protocol.mm in Sources */ = {isa = PBXBuildFile; fileRef = F14D42881A9A8A270027C4C4 /* Protocol.mm */; };
		F14D42901A9AC42C0027C4C4 /* Synergy.mm in Sources */ = {isa = PBXBuildFile; fileRef = F14D428F1A9AC42C0027C4C4 /* Synergy.mm */; };
		F14D42941A9AFFE20027C4C4 /* Point.mm in Sources */ = {isa = PBXBuildFile; fileRef = F14D42931A9AFFE20027C4C4 /* Point.mm */; };
		F160806C1AAD39B50019EC1F /* MockSocket.m in Sources */ = {isa = PBXBuildFile; fileRef = F160806B1AAD39B50019EC1F /* MockSocket.m */; };
		F187A9551AF6B60C0061CE4C /* CoreData.framework in Frameworks */ = {isa = PBXBuildFile; fileRef = F187A9541AF6B60C0061CE4C /* CoreData.framework */; };
		F187A9581AF6B62B0061CE4C /* CoreFoundation.framework in Frameworks */ = {isa = PBXBuildFile; fileRef = F187A9561AF6B62B0061CE4C /* CoreFoundation.framework */; };
		F187A9591AF6B62B0061CE4C /* Foundation.framework in Frameworks */ = {isa = PBXBuildFile; fileRef = F187A9571AF6B62B0061CE4C /* Foundation.framework */; };
		F187A95C1AF6B6590061CE4C /* libc++.dylib in Frameworks */ = {isa = PBXBuildFile; fileRef = F187A95A1AF6B6590061CE4C /* libc++.dylib */; };
		F187A95D1AF6B6590061CE4C /* libstdc++.dylib in Frameworks */ = {isa = PBXBuildFile; fileRef = F187A95B1AF6B6590061CE4C /* libstdc++.dylib */; };
		F187A95F1AF6B6750061CE4C /* UIKit.framework in Frameworks */ = {isa = PBXBuildFile; fileRef = F187A95E1AF6B6750061CE4C /* UIKit.framework */; };
		F187A9621AF6B75F0061CE4C /* libPods-confluxTests-OCMock.a in Frameworks */ = {isa = PBXBuildFile; fileRef = F187A9601AF6B75F0061CE4C /* libPods-confluxTests-OCMock.a */; };
		F187A9631AF6B75F0061CE4C /* libPods-confluxTests.a in Frameworks */ = {isa = PBXBuildFile; fileRef = F187A9611AF6B75F0061CE4C /* libPods-confluxTests.a */; };
		F1907EDD1A70A60E00182F78 /* main.mm in Sources */ = {isa = PBXBuildFile; fileRef = F1907EDC1A70A60E00182F78 /* main.mm */; };
		F1907EE01A70A60E00182F78 /* AppDelegate.mm in Sources */ = {isa = PBXBuildFile; fileRef = F1907EDF1A70A60E00182F78 /* AppDelegate.mm */; };
		F1907EE31A70A60E00182F78 /* TouchpadViewController.mm in Sources */ = {isa = PBXBuildFile; fileRef = F1907EE21A70A60E00182F78 /* TouchpadViewController.mm */; };
		F1907EE61A70A60E00182F78 /* Main.storyboard in Resources */ = {isa = PBXBuildFile; fileRef = F1907EE41A70A60E00182F78 /* Main.storyboard */; };
		F1907EE81A70A60E00182F78 /* Images.xcassets in Resources */ = {isa = PBXBuildFile; fileRef = F1907EE71A70A60E00182F78 /* Images.xcassets */; };
		F1907EEB1A70A60E00182F78 /* LaunchScreen.xib in Resources */ = {isa = PBXBuildFile; fileRef = F1907EE91A70A60E00182F78 /* LaunchScreen.xib */; };
		F1907EF71A70A60E00182F78 /* SynergyTests.m in Sources */ = {isa = PBXBuildFile; fileRef = F1907EF61A70A60E00182F78 /* SynergyTests.m */; };
		F1B7C8DB1AF6EB4100DBE5B3 /* KeyMapper.mm in Sources */ = {isa = PBXBuildFile; fileRef = F1B7C8DA1AF6EB4100DBE5B3 /* KeyMapper.mm */; };
/* End PBXBuildFile section */

/* Begin PBXContainerItemProxy section */
		F1907EF11A70A60E00182F78 /* PBXContainerItemProxy */ = {
			isa = PBXContainerItemProxy;
			containerPortal = F1907ECF1A70A60E00182F78 /* Project object */;
			proxyType = 1;
			remoteGlobalIDString = F1907ED61A70A60E00182F78;
			remoteInfo = conflux;
		};
/* End PBXContainerItemProxy section */

/* Begin PBXFileReference section */
		12537474D3ABE5D9E54A151F /* Pods-confluxTests.debug.xcconfig */ = {isa = PBXFileReference; includeInIndex = 1; lastKnownFileType = text.xcconfig; name = "Pods-confluxTests.debug.xcconfig"; path = "Pods/Target Support Files/Pods-confluxTests/Pods-confluxTests.debug.xcconfig"; sourceTree = "<group>"; };
		3115E18B281917DF2F074E23 /* Pods-confluxTests.release.xcconfig */ = {isa = PBXFileReference; includeInIndex = 1; lastKnownFileType = text.xcconfig; name = "Pods-confluxTests.release.xcconfig"; path = "Pods/Target Support Files/Pods-confluxTests/Pods-confluxTests.release.xcconfig"; sourceTree = "<group>"; };
		72EB220625794A3E5C680179 /* libPods-confluxTests.a */ = {isa = PBXFileReference; explicitFileType = archive.ar; includeInIndex = 0; path = "libPods-confluxTests.a"; sourceTree = BUILT_PRODUCTS_DIR; };
		F11F9F401AA6A8ED0088A456 /* Socket.h */ = {isa = PBXFileReference; lastKnownFileType = sourcecode.c.h; path = Socket.h; sourceTree = "<group>"; };
		F11F9F411AA6B4190088A456 /* Socket.mm */ = {isa = PBXFileReference; fileEncoding = 4; lastKnownFileType = sourcecode.cpp.objcpp; path = Socket.mm; sourceTree = "<group>"; };
		F13E66521AD3805A00330539 /* KeyboardViewController.mm */ = {isa = PBXFileReference; fileEncoding = 4; lastKnownFileType = sourcecode.cpp.objcpp; path = KeyboardViewController.mm; sourceTree = "<group>"; };
		F13E66541AD3806E00330539 /* KeyboardViewController.h */ = {isa = PBXFileReference; lastKnownFileType = sourcecode.c.h; path = KeyboardViewController.h; sourceTree = "<group>"; };
		F14D42881A9A8A270027C4C4 /* Protocol.mm */ = {isa = PBXFileReference; fileEncoding = 4; lastKnownFileType = sourcecode.cpp.objcpp; name = Protocol.mm; path = synergy/Protocol.mm; sourceTree = "<group>"; };
		F14D428B1A9A8B890027C4C4 /* Protocol.h */ = {isa = PBXFileReference; lastKnownFileType = sourcecode.c.h; name = Protocol.h; path = synergy/Protocol.h; sourceTree = "<group>"; };
		F14D428E1A9AC42C0027C4C4 /* Synergy.h */ = {isa = PBXFileReference; fileEncoding = 4; lastKnownFileType = sourcecode.c.h; name = Synergy.h; path = synergy/Synergy.h; sourceTree = "<group>"; };
		F14D428F1A9AC42C0027C4C4 /* Synergy.mm */ = {isa = PBXFileReference; fileEncoding = 4; lastKnownFileType = sourcecode.cpp.objcpp; name = Synergy.mm; path = synergy/Synergy.mm; sourceTree = "<group>"; };
		F14D42931A9AFFE20027C4C4 /* Point.mm */ = {isa = PBXFileReference; fileEncoding = 4; lastKnownFileType = sourcecode.cpp.objcpp; name = Point.mm; path = synergy/Point.mm; sourceTree = "<group>"; };
		F14D42951A9B0B4C0027C4C4 /* Point.h */ = {isa = PBXFileReference; fileEncoding = 4; lastKnownFileType = sourcecode.c.h; name = Point.h; path = synergy/Point.h; sourceTree = "<group>"; };
		F14D42961A9B109A0027C4C4 /* Mouse.h */ = {isa = PBXFileReference; fileEncoding = 4; lastKnownFileType = sourcecode.c.h; name = Mouse.h; path = synergy/Mouse.h; sourceTree = "<group>"; };
		F160806A1AAD39720019EC1F /* MockSocket.h */ = {isa = PBXFileReference; fileEncoding = 4; lastKnownFileType = sourcecode.c.h; path = MockSocket.h; sourceTree = "<group>"; };
		F160806B1AAD39B50019EC1F /* MockSocket.m */ = {isa = PBXFileReference; fileEncoding = 4; lastKnownFileType = sourcecode.c.objc; path = MockSocket.m; sourceTree = "<group>"; };
		F187A9541AF6B60C0061CE4C /* CoreData.framework */ = {isa = PBXFileReference; lastKnownFileType = wrapper.framework; name = CoreData.framework; path = System/Library/Frameworks/CoreData.framework; sourceTree = SDKROOT; };
		F187A9561AF6B62B0061CE4C /* CoreFoundation.framework */ = {isa = PBXFileReference; lastKnownFileType = wrapper.framework; name = CoreFoundation.framework; path = System/Library/Frameworks/CoreFoundation.framework; sourceTree = SDKROOT; };
		F187A9571AF6B62B0061CE4C /* Foundation.framework */ = {isa = PBXFileReference; lastKnownFileType = wrapper.framework; name = Foundation.framework; path = System/Library/Frameworks/Foundation.framework; sourceTree = SDKROOT; };
		F187A95A1AF6B6590061CE4C /* libc++.dylib */ = {isa = PBXFileReference; lastKnownFileType = "compiled.mach-o.dylib"; name = "libc++.dylib"; path = "usr/lib/libc++.dylib"; sourceTree = SDKROOT; };
		F187A95B1AF6B6590061CE4C /* libstdc++.dylib */ = {isa = PBXFileReference; lastKnownFileType = "compiled.mach-o.dylib"; name = "libstdc++.dylib"; path = "usr/lib/libstdc++.dylib"; sourceTree = SDKROOT; };
		F187A95E1AF6B6750061CE4C /* UIKit.framework */ = {isa = PBXFileReference; lastKnownFileType = wrapper.framework; name = UIKit.framework; path = System/Library/Frameworks/UIKit.framework; sourceTree = SDKROOT; };
		F187A9601AF6B75F0061CE4C /* libPods-confluxTests-OCMock.a */ = {isa = PBXFileReference; lastKnownFileType = archive.ar; name = "libPods-confluxTests-OCMock.a"; path = "Pods/../build/Debug-iphoneos/libPods-confluxTests-OCMock.a"; sourceTree = "<group>"; };
		F187A9611AF6B75F0061CE4C /* libPods-confluxTests.a */ = {isa = PBXFileReference; lastKnownFileType = archive.ar; name = "libPods-confluxTests.a"; path = "Pods/../build/Debug-iphoneos/libPods-confluxTests.a"; sourceTree = "<group>"; };
		F1907ED71A70A60E00182F78 /* conflux.app */ = {isa = PBXFileReference; explicitFileType = wrapper.application; includeInIndex = 0; path = conflux.app; sourceTree = BUILT_PRODUCTS_DIR; };
		F1907EDB1A70A60E00182F78 /* Info.plist */ = {isa = PBXFileReference; lastKnownFileType = text.plist.xml; path = Info.plist; sourceTree = "<group>"; };
		F1907EDC1A70A60E00182F78 /* main.mm */ = {isa = PBXFileReference; lastKnownFileType = sourcecode.cpp.objcpp; path = main.mm; sourceTree = "<group>"; };
		F1907EDE1A70A60E00182F78 /* AppDelegate.h */ = {isa = PBXFileReference; lastKnownFileType = sourcecode.c.h; path = AppDelegate.h; sourceTree = "<group>"; };
		F1907EDF1A70A60E00182F78 /* AppDelegate.mm */ = {isa = PBXFileReference; lastKnownFileType = sourcecode.cpp.objcpp; path = AppDelegate.mm; sourceTree = "<group>"; };
		F1907EE11A70A60E00182F78 /* TouchpadViewController.h */ = {isa = PBXFileReference; lastKnownFileType = sourcecode.c.h; path = TouchpadViewController.h; sourceTree = "<group>"; };
		F1907EE21A70A60E00182F78 /* TouchpadViewController.mm */ = {isa = PBXFileReference; lastKnownFileType = sourcecode.cpp.objcpp; path = TouchpadViewController.mm; sourceTree = "<group>"; };
		F1907EE51A70A60E00182F78 /* Base */ = {isa = PBXFileReference; lastKnownFileType = file.storyboard; name = Base; path = Base.lproj/Main.storyboard; sourceTree = "<group>"; };
		F1907EE71A70A60E00182F78 /* Images.xcassets */ = {isa = PBXFileReference; lastKnownFileType = folder.assetcatalog; path = Images.xcassets; sourceTree = "<group>"; };
		F1907EEA1A70A60E00182F78 /* Base */ = {isa = PBXFileReference; lastKnownFileType = file.xib; name = Base; path = Base.lproj/LaunchScreen.xib; sourceTree = "<group>"; };
		F1907EF01A70A60E00182F78 /* confluxTests.xctest */ = {isa = PBXFileReference; explicitFileType = wrapper.cfbundle; includeInIndex = 0; path = confluxTests.xctest; sourceTree = BUILT_PRODUCTS_DIR; };
		F1907EF51A70A60E00182F78 /* Info.plist */ = {isa = PBXFileReference; lastKnownFileType = text.plist.xml; path = Info.plist; sourceTree = "<group>"; };
		F1907EF61A70A60E00182F78 /* SynergyTests.m */ = {isa = PBXFileReference; lastKnownFileType = sourcecode.c.objc; path = SynergyTests.m; sourceTree = "<group>"; };
		F1B7C8DA1AF6EB4100DBE5B3 /* KeyMapper.mm */ = {isa = PBXFileReference; fileEncoding = 4; lastKnownFileType = sourcecode.cpp.objcpp; name = KeyMapper.mm; path = synergy/KeyMapper.mm; sourceTree = "<group>"; };
		F1B7C8DC1AF6EB7B00DBE5B3 /* KeyMapper.h */ = {isa = PBXFileReference; lastKnownFileType = sourcecode.c.h; name = KeyMapper.h; path = synergy/KeyMapper.h; sourceTree = "<group>"; };
/* End PBXFileReference section */

/* Begin PBXFrameworksBuildPhase section */
		F1907ED41A70A60E00182F78 /* Frameworks */ = {
			isa = PBXFrameworksBuildPhase;
			buildActionMask = 2147483647;
			files = (
				F187A9621AF6B75F0061CE4C /* libPods-confluxTests-OCMock.a in Frameworks */,
				F187A9631AF6B75F0061CE4C /* libPods-confluxTests.a in Frameworks */,
				F187A95F1AF6B6750061CE4C /* UIKit.framework in Frameworks */,
				F187A95C1AF6B6590061CE4C /* libc++.dylib in Frameworks */,
				F187A95D1AF6B6590061CE4C /* libstdc++.dylib in Frameworks */,
				F187A9581AF6B62B0061CE4C /* CoreFoundation.framework in Frameworks */,
				F187A9591AF6B62B0061CE4C /* Foundation.framework in Frameworks */,
				F187A9551AF6B60C0061CE4C /* CoreData.framework in Frameworks */,
			);
			runOnlyForDeploymentPostprocessing = 0;
		};
		F1907EED1A70A60E00182F78 /* Frameworks */ = {
			isa = PBXFrameworksBuildPhase;
			buildActionMask = 2147483647;
			files = (
				EC6C7023EA5E18735C35F448 /* libPods-confluxTests.a in Frameworks */,
			);
			runOnlyForDeploymentPostprocessing = 0;
		};
/* End PBXFrameworksBuildPhase section */

/* Begin PBXGroup section */
		399815CB213D283FDB44F887 /* Pods */ = {
			isa = PBXGroup;
			children = (
				12537474D3ABE5D9E54A151F /* Pods-confluxTests.debug.xcconfig */,
				3115E18B281917DF2F074E23 /* Pods-confluxTests.release.xcconfig */,
			);
			name = Pods;
			sourceTree = "<group>";
		};
		44995AF32C6F661206CF458A /* Frameworks */ = {
			isa = PBXGroup;
			children = (
				F187A9601AF6B75F0061CE4C /* libPods-confluxTests-OCMock.a */,
				F187A9611AF6B75F0061CE4C /* libPods-confluxTests.a */,
				F187A95E1AF6B6750061CE4C /* UIKit.framework */,
				F187A95A1AF6B6590061CE4C /* libc++.dylib */,
				F187A95B1AF6B6590061CE4C /* libstdc++.dylib */,
				F187A9561AF6B62B0061CE4C /* CoreFoundation.framework */,
				F187A9571AF6B62B0061CE4C /* Foundation.framework */,
				F187A9541AF6B60C0061CE4C /* CoreData.framework */,
				72EB220625794A3E5C680179 /* libPods-confluxTests.a */,
			);
			name = Frameworks;
			sourceTree = "<group>";
		};
		F11F9F3F1AA6A89B0088A456 /* foundation */ = {
			isa = PBXGroup;
			children = (
				F11F9F401AA6A8ED0088A456 /* Socket.h */,
				F11F9F411AA6B4190088A456 /* Socket.mm */,
			);
			path = foundation;
			sourceTree = "<group>";
		};
		F14D428C1A9A8B950027C4C4 /* synergy */ = {
			isa = PBXGroup;
			children = (
				F14D42961A9B109A0027C4C4 /* Mouse.h */,
				F14D42951A9B0B4C0027C4C4 /* Point.h */,
				F14D428E1A9AC42C0027C4C4 /* Synergy.h */,
				F14D428F1A9AC42C0027C4C4 /* Synergy.mm */,
				F14D42881A9A8A270027C4C4 /* Protocol.mm */,
				F14D428B1A9A8B890027C4C4 /* Protocol.h */,
				F14D42931A9AFFE20027C4C4 /* Point.mm */,
				F1B7C8DA1AF6EB4100DBE5B3 /* KeyMapper.mm */,
				F1B7C8DC1AF6EB7B00DBE5B3 /* KeyMapper.h */,
			);
			name = synergy;
			sourceTree = "<group>";
		};
		F1907ECE1A70A60E00182F78 = {
			isa = PBXGroup;
			children = (
				F1907ED91A70A60E00182F78 /* conflux */,
				F1907EF31A70A60E00182F78 /* conflux_tests */,
				F1907ED81A70A60E00182F78 /* Products */,
				399815CB213D283FDB44F887 /* Pods */,
				44995AF32C6F661206CF458A /* Frameworks */,
			);
			sourceTree = "<group>";
		};
		F1907ED81A70A60E00182F78 /* Products */ = {
			isa = PBXGroup;
			children = (
				F1907ED71A70A60E00182F78 /* conflux.app */,
				F1907EF01A70A60E00182F78 /* confluxTests.xctest */,
			);
			name = Products;
			sourceTree = "<group>";
		};
		F1907ED91A70A60E00182F78 /* conflux */ = {
			isa = PBXGroup;
			children = (
				F11F9F3F1AA6A89B0088A456 /* foundation */,
				F14D428C1A9A8B950027C4C4 /* synergy */,
				F1907EDE1A70A60E00182F78 /* AppDelegate.h */,
				F1907EDF1A70A60E00182F78 /* AppDelegate.mm */,
				F13E66541AD3806E00330539 /* KeyboardViewController.h */,
				F13E66521AD3805A00330539 /* KeyboardViewController.mm */,
				F1907EE11A70A60E00182F78 /* TouchpadViewController.h */,
				F1907EE21A70A60E00182F78 /* TouchpadViewController.mm */,
				F1907EE41A70A60E00182F78 /* Main.storyboard */,
				F1907EE91A70A60E00182F78 /* LaunchScreen.xib */,
				F1907EE71A70A60E00182F78 /* Images.xcassets */,
				F1907EDA1A70A60E00182F78 /* Supporting Files */,
			);
			path = conflux;
			sourceTree = "<group>";
		};
		F1907EDA1A70A60E00182F78 /* Supporting Files */ = {
			isa = PBXGroup;
			children = (
				F1907EDB1A70A60E00182F78 /* Info.plist */,
				F1907EDC1A70A60E00182F78 /* main.mm */,
			);
			name = "Supporting Files";
			sourceTree = "<group>";
		};
		F1907EF31A70A60E00182F78 /* conflux_tests */ = {
			isa = PBXGroup;
			children = (
				F1907EF61A70A60E00182F78 /* SynergyTests.m */,
				F1907EF41A70A60E00182F78 /* Supporting Files */,
				F160806A1AAD39720019EC1F /* MockSocket.h */,
				F160806B1AAD39B50019EC1F /* MockSocket.m */,
			);
			path = conflux_tests;
			sourceTree = "<group>";
		};
		F1907EF41A70A60E00182F78 /* Supporting Files */ = {
			isa = PBXGroup;
			children = (
				F1907EF51A70A60E00182F78 /* Info.plist */,
			);
			name = "Supporting Files";
			sourceTree = "<group>";
		};
/* End PBXGroup section */

/* Begin PBXNativeTarget section */
		F1907ED61A70A60E00182F78 /* conflux */ = {
			isa = PBXNativeTarget;
			buildConfigurationList = F1907EFA1A70A60E00182F78 /* Build configuration list for PBXNativeTarget "conflux" */;
			buildPhases = (
				F1907ED31A70A60E00182F78 /* Sources */,
				F1907ED41A70A60E00182F78 /* Frameworks */,
				F1907ED51A70A60E00182F78 /* Resources */,
			);
			buildRules = (
			);
			dependencies = (
			);
			name = conflux;
			productName = conflux;
			productReference = F1907ED71A70A60E00182F78 /* conflux.app */;
			productType = "com.apple.product-type.application";
		};
		F1907EEF1A70A60E00182F78 /* confluxTests */ = {
			isa = PBXNativeTarget;
			buildConfigurationList = F1907EFD1A70A60E00182F78 /* Build configuration list for PBXNativeTarget "confluxTests" */;
			buildPhases = (
				FDE6FAD143ABD636B0ACA7BC /* Check Pods Manifest.lock */,
				F1907EEC1A70A60E00182F78 /* Sources */,
				F1907EED1A70A60E00182F78 /* Frameworks */,
				F1907EEE1A70A60E00182F78 /* Resources */,
				7DB1773AAF7E1D7D88C10DD1 /* Copy Pods Resources */,
			);
			buildRules = (
			);
			dependencies = (
				F1907EF21A70A60E00182F78 /* PBXTargetDependency */,
			);
			name = confluxTests;
			productName = "conflux-tests";
			productReference = F1907EF01A70A60E00182F78 /* confluxTests.xctest */;
			productType = "com.apple.product-type.bundle.unit-test";
		};
/* End PBXNativeTarget section */

/* Begin PBXProject section */
		F1907ECF1A70A60E00182F78 /* Project object */ = {
			isa = PBXProject;
			attributes = {
				LastUpgradeCheck = 0610;
				ORGANIZATIONNAME = Conflux;
				TargetAttributes = {
					F1907ED61A70A60E00182F78 = {
						CreatedOnToolsVersion = 6.1.1;
						DevelopmentTeam = 55Q848QKUR;
					};
					F1907EEF1A70A60E00182F78 = {
						CreatedOnToolsVersion = 6.1.1;
						DevelopmentTeam = 55Q848QKUR;
						TestTargetID = F1907ED61A70A60E00182F78;
					};
				};
			};
			buildConfigurationList = F1907ED21A70A60E00182F78 /* Build configuration list for PBXProject "conflux" */;
			compatibilityVersion = "Xcode 3.2";
			developmentRegion = English;
			hasScannedForEncodings = 0;
			knownRegions = (
				en,
				Base,
			);
			mainGroup = F1907ECE1A70A60E00182F78;
			productRefGroup = F1907ED81A70A60E00182F78 /* Products */;
			projectDirPath = "";
			projectRoot = "";
			targets = (
				F1907ED61A70A60E00182F78 /* conflux */,
				F1907EEF1A70A60E00182F78 /* confluxTests */,
			);
		};
/* End PBXProject section */

/* Begin PBXResourcesBuildPhase section */
		F1907ED51A70A60E00182F78 /* Resources */ = {
			isa = PBXResourcesBuildPhase;
			buildActionMask = 2147483647;
			files = (
				F1907EE61A70A60E00182F78 /* Main.storyboard in Resources */,
				F1907EEB1A70A60E00182F78 /* LaunchScreen.xib in Resources */,
				F1907EE81A70A60E00182F78 /* Images.xcassets in Resources */,
			);
			runOnlyForDeploymentPostprocessing = 0;
		};
		F1907EEE1A70A60E00182F78 /* Resources */ = {
			isa = PBXResourcesBuildPhase;
			buildActionMask = 2147483647;
			files = (
			);
			runOnlyForDeploymentPostprocessing = 0;
		};
/* End PBXResourcesBuildPhase section */

/* Begin PBXShellScriptBuildPhase section */
		7DB1773AAF7E1D7D88C10DD1 /* Copy Pods Resources */ = {
			isa = PBXShellScriptBuildPhase;
			buildActionMask = 2147483647;
			files = (
			);
			inputPaths = (
			);
			name = "Copy Pods Resources";
			outputPaths = (
			);
			runOnlyForDeploymentPostprocessing = 0;
			shellPath = /bin/sh;
			shellScript = "\"${SRCROOT}/Pods/Target Support Files/Pods-confluxTests/Pods-confluxTests-resources.sh\"\n";
			showEnvVarsInLog = 0;
		};
		FDE6FAD143ABD636B0ACA7BC /* Check Pods Manifest.lock */ = {
			isa = PBXShellScriptBuildPhase;
			buildActionMask = 2147483647;
			files = (
			);
			inputPaths = (
			);
			name = "Check Pods Manifest.lock";
			outputPaths = (
			);
			runOnlyForDeploymentPostprocessing = 0;
			shellPath = /bin/sh;
			shellScript = "diff \"${PODS_ROOT}/../Podfile.lock\" \"${PODS_ROOT}/Manifest.lock\" > /dev/null\nif [[ $? != 0 ]] ; then\n    cat << EOM\nerror: The sandbox is not in sync with the Podfile.lock. Run 'pod install' or update your CocoaPods installation.\nEOM\n    exit 1\nfi\n";
			showEnvVarsInLog = 0;
		};
/* End PBXShellScriptBuildPhase section */

/* Begin PBXSourcesBuildPhase section */
		F1907ED31A70A60E00182F78 /* Sources */ = {
			isa = PBXSourcesBuildPhase;
			buildActionMask = 2147483647;
			files = (
				F14D42941A9AFFE20027C4C4 /* Point.mm in Sources */,
				F1B7C8DB1AF6EB4100DBE5B3 /* KeyMapper.mm in Sources */,
				F14D42891A9A8A270027C4C4 /* Protocol.mm in Sources */,
				F11F9F421AA6B4190088A456 /* Socket.mm in Sources */,
				F13E66531AD3805A00330539 /* KeyboardViewController.mm in Sources */,
				F1907EE31A70A60E00182F78 /* TouchpadViewController.mm in Sources */,
				F1907EE01A70A60E00182F78 /* AppDelegate.mm in Sources */,
				F14D42901A9AC42C0027C4C4 /* Synergy.mm in Sources */,
				F1907EDD1A70A60E00182F78 /* main.mm in Sources */,
			);
			runOnlyForDeploymentPostprocessing = 0;
		};
		F1907EEC1A70A60E00182F78 /* Sources */ = {
			isa = PBXSourcesBuildPhase;
			buildActionMask = 2147483647;
			files = (
				F160806C1AAD39B50019EC1F /* MockSocket.m in Sources */,
				F1907EF71A70A60E00182F78 /* SynergyTests.m in Sources */,
			);
			runOnlyForDeploymentPostprocessing = 0;
		};
/* End PBXSourcesBuildPhase section */

/* Begin PBXTargetDependency section */
		F1907EF21A70A60E00182F78 /* PBXTargetDependency */ = {
			isa = PBXTargetDependency;
			target = F1907ED61A70A60E00182F78 /* conflux */;
			targetProxy = F1907EF11A70A60E00182F78 /* PBXContainerItemProxy */;
		};
/* End PBXTargetDependency section */

/* Begin PBXVariantGroup section */
		F1907EE41A70A60E00182F78 /* Main.storyboard */ = {
			isa = PBXVariantGroup;
			children = (
				F1907EE51A70A60E00182F78 /* Base */,
			);
			name = Main.storyboard;
			sourceTree = "<group>";
		};
		F1907EE91A70A60E00182F78 /* LaunchScreen.xib */ = {
			isa = PBXVariantGroup;
			children = (
				F1907EEA1A70A60E00182F78 /* Base */,
			);
			name = LaunchScreen.xib;
			sourceTree = "<group>";
		};
/* End PBXVariantGroup section */

/* Begin XCBuildConfiguration section */
		F1907EF81A70A60E00182F78 /* Debug */ = {
			isa = XCBuildConfiguration;
			buildSettings = {
				ALWAYS_SEARCH_USER_PATHS = YES;
				CLANG_CXX_LANGUAGE_STANDARD = "c++14";
				CLANG_CXX_LIBRARY = "compiler-default";
				CLANG_ENABLE_MODULES = YES;
				CLANG_ENABLE_OBJC_ARC = YES;
				CLANG_WARN_BOOL_CONVERSION = YES;
				CLANG_WARN_CONSTANT_CONVERSION = YES;
				CLANG_WARN_DIRECT_OBJC_ISA_USAGE = YES_ERROR;
				CLANG_WARN_EMPTY_BODY = YES;
				CLANG_WARN_ENUM_CONVERSION = YES;
				CLANG_WARN_INT_CONVERSION = YES;
				CLANG_WARN_OBJC_ROOT_CLASS = YES_ERROR;
				CLANG_WARN_UNREACHABLE_CODE = YES;
				CLANG_WARN__DUPLICATE_METHOD_MATCH = YES;
				"CODE_SIGN_IDENTITY[sdk=iphoneos*]" = "iPhone Developer";
				COPY_PHASE_STRIP = NO;
				ENABLE_STRICT_OBJC_MSGSEND = YES;
				GCC_C_LANGUAGE_STANDARD = "compiler-default";
				GCC_DYNAMIC_NO_PIC = NO;
				GCC_INPUT_FILETYPE = sourcecode.cpp.objcpp;
				GCC_OPTIMIZATION_LEVEL = 0;
				GCC_PREPROCESSOR_DEFINITIONS = (
					"DEBUG=1",
					"$(inherited)",
				);
				GCC_SYMBOLS_PRIVATE_EXTERN = NO;
				GCC_WARN_64_TO_32_BIT_CONVERSION = YES;
				GCC_WARN_ABOUT_RETURN_TYPE = YES_ERROR;
				GCC_WARN_UNDECLARED_SELECTOR = YES;
				GCC_WARN_UNINITIALIZED_AUTOS = YES_AGGRESSIVE;
				GCC_WARN_UNUSED_FUNCTION = YES;
				GCC_WARN_UNUSED_VARIABLE = YES;
				HEADER_SEARCH_PATHS = (
					"$(inherited)",
					/Applications/Xcode.app/Contents/Developer/Toolchains/XcodeDefault.xctoolchain/usr/include,
					"$(PROJECT_DIR)/conflux_tests/include/",
					"$(PROJECT_DIR)/external/synergy/src/lib",
				);
				IPHONEOS_DEPLOYMENT_TARGET = 8.1;
				LINKER_DISPLAYS_MANGLED_NAMES = YES;
				MTL_ENABLE_DEBUG_INFO = YES;
				ONLY_ACTIVE_ARCH = YES;
				OTHER_LDFLAGS = (
					"$(inherited)",
					"-lc++",
				);
				SDKROOT = iphoneos;
				VALID_ARCHS = "armv7s arm64 armv7";
			};
			name = Debug;
		};
		F1907EF91A70A60E00182F78 /* Release */ = {
			isa = XCBuildConfiguration;
			buildSettings = {
				ALWAYS_SEARCH_USER_PATHS = YES;
				CLANG_CXX_LANGUAGE_STANDARD = "c++14";
				CLANG_CXX_LIBRARY = "compiler-default";
				CLANG_ENABLE_MODULES = YES;
				CLANG_ENABLE_OBJC_ARC = YES;
				CLANG_WARN_BOOL_CONVERSION = YES;
				CLANG_WARN_CONSTANT_CONVERSION = YES;
				CLANG_WARN_DIRECT_OBJC_ISA_USAGE = YES_ERROR;
				CLANG_WARN_EMPTY_BODY = YES;
				CLANG_WARN_ENUM_CONVERSION = YES;
				CLANG_WARN_INT_CONVERSION = YES;
				CLANG_WARN_OBJC_ROOT_CLASS = YES_ERROR;
				CLANG_WARN_UNREACHABLE_CODE = YES;
				CLANG_WARN__DUPLICATE_METHOD_MATCH = YES;
				"CODE_SIGN_IDENTITY[sdk=iphoneos*]" = "iPhone Developer";
				COPY_PHASE_STRIP = YES;
				ENABLE_NS_ASSERTIONS = NO;
				ENABLE_STRICT_OBJC_MSGSEND = YES;
				GCC_C_LANGUAGE_STANDARD = "compiler-default";
				GCC_INPUT_FILETYPE = sourcecode.cpp.objcpp;
				GCC_WARN_64_TO_32_BIT_CONVERSION = YES;
				GCC_WARN_ABOUT_RETURN_TYPE = YES_ERROR;
				GCC_WARN_UNDECLARED_SELECTOR = YES;
				GCC_WARN_UNINITIALIZED_AUTOS = YES_AGGRESSIVE;
				GCC_WARN_UNUSED_FUNCTION = YES;
				GCC_WARN_UNUSED_VARIABLE = YES;
				HEADER_SEARCH_PATHS = (
					"$(inherited)",
					/Applications/Xcode.app/Contents/Developer/Toolchains/XcodeDefault.xctoolchain/usr/include,
					"$(PROJECT_DIR)/conflux_tests/include/",
					"$(PROJECT_DIR)/external/synergy/src/lib",
				);
				IPHONEOS_DEPLOYMENT_TARGET = 8.1;
				LINKER_DISPLAYS_MANGLED_NAMES = YES;
				MTL_ENABLE_DEBUG_INFO = NO;
				ONLY_ACTIVE_ARCH = YES;
				OTHER_LDFLAGS = (
					"$(inherited)",
					"-lc++",
				);
				SDKROOT = iphoneos;
				VALIDATE_PRODUCT = YES;
				VALID_ARCHS = "armv7s arm64 armv7";
			};
			name = Release;
		};
		F1907EFB1A70A60E00182F78 /* Debug */ = {
			isa = XCBuildConfiguration;
			buildSettings = {
				ASSETCATALOG_COMPILER_APPICON_NAME = AppIcon;
				CLANG_CXX_LANGUAGE_STANDARD = "c++14";
				CODE_SIGN_IDENTITY = "iPhone Developer";
				GCC_INPUT_FILETYPE = sourcecode.cpp.objcpp;
				HEADER_SEARCH_PATHS = (
					"$(inherited)",
					/Applications/Xcode.app/Contents/Developer/Toolchains/XcodeDefault.xctoolchain/usr/include,
					"$(PROJECT_DIR)/conflux_tests/include/",
					"$(PROJECT_DIR)/external/synergy/src/lib",
				);
				INFOPLIST_FILE = conflux/Info.plist;
				IPHONEOS_DEPLOYMENT_TARGET = 8.1;
				LD_RUNPATH_SEARCH_PATHS = "$(inherited) @executable_path/Frameworks";
				LIBRARY_SEARCH_PATHS = (
					"$(inherited)",
					"$(PROJECT_DIR)/build/Debug-iphoneos",
				);
				LINKER_DISPLAYS_MANGLED_NAMES = YES;
				ONLY_ACTIVE_ARCH = YES;
				OTHER_LDFLAGS = (
					"$(inherited)",
					"-lc++",
				);
				PRODUCT_NAME = conflux;
				PROVISIONING_PROFILE = "";
				VALID_ARCHS = "armv7s armv7 arm64";
			};
			name = Debug;
		};
		F1907EFC1A70A60E00182F78 /* Release */ = {
			isa = XCBuildConfiguration;
			buildSettings = {
				ASSETCATALOG_COMPILER_APPICON_NAME = AppIcon;
				CLANG_CXX_LANGUAGE_STANDARD = "c++14";
				CODE_SIGN_IDENTITY = "iPhone Developer";
				GCC_INPUT_FILETYPE = sourcecode.cpp.objcpp;
				HEADER_SEARCH_PATHS = (
					"$(inherited)",
					/Applications/Xcode.app/Contents/Developer/Toolchains/XcodeDefault.xctoolchain/usr/include,
					"$(PROJECT_DIR)/conflux_tests/include/",
				);
				INFOPLIST_FILE = conflux/Info.plist;
				IPHONEOS_DEPLOYMENT_TARGET = 8.1;
				LD_RUNPATH_SEARCH_PATHS = "$(inherited) @executable_path/Frameworks";
				LIBRARY_SEARCH_PATHS = (
					"$(inherited)",
					"$(PROJECT_DIR)/build/Debug-iphoneos",
				);
				LINKER_DISPLAYS_MANGLED_NAMES = YES;
				ONLY_ACTIVE_ARCH = YES;
				OTHER_LDFLAGS = (
					"$(inherited)",
					"-lc++",
				);
				PRODUCT_NAME = conflux;
				PROVISIONING_PROFILE = "";
				VALID_ARCHS = "armv7s armv7 arm64";
			};
			name = Release;
		};
		F1907EFE1A70A60E00182F78 /* Debug */ = {
			isa = XCBuildConfiguration;
			baseConfigurationReference = 12537474D3ABE5D9E54A151F /* Pods-confluxTests.debug.xcconfig */;
			buildSettings = {
				BUNDLE_LOADER = "$(TEST_HOST)";
				CODE_SIGN_IDENTITY = "iPhone Developer";
				"CODE_SIGN_IDENTITY[sdk=iphoneos*]" = "iPhone Developer";
				FRAMEWORK_SEARCH_PATHS = (
					"$(SDKROOT)/Developer/Library/Frameworks",
					"$(inherited)",
				);
				GCC_PREPROCESSOR_DEFINITIONS = (
					"DEBUG=1",
					"$(inherited)",
				);
				INFOPLIST_FILE = conflux_tests/Info.plist;
				LD_RUNPATH_SEARCH_PATHS = "$(inherited) @executable_path/Frameworks @loader_path/Frameworks";
				LIBRARY_SEARCH_PATHS = "$(inherited)";
				OTHER_LDFLAGS = (
					"$(inherited)",
					"-framework",
					XCTest,
					"-ObjC",
				);
				PRODUCT_NAME = confluxTests;
				PROVISIONING_PROFILE = "";
				TEST_HOST = "$(BUILT_PRODUCTS_DIR)/conflux.app/conflux";
			};
			name = Debug;
		};
		F1907EFF1A70A60E00182F78 /* Release */ = {
			isa = XCBuildConfiguration;
			baseConfigurationReference = 3115E18B281917DF2F074E23 /* Pods-confluxTests.release.xcconfig */;
			buildSettings = {
				BUNDLE_LOADER = "$(TEST_HOST)";
				CODE_SIGN_IDENTITY = "iPhone Developer";
				"CODE_SIGN_IDENTITY[sdk=iphoneos*]" = "iPhone Developer";
				FRAMEWORK_SEARCH_PATHS = (
					"$(SDKROOT)/Developer/Library/Frameworks",
					"$(inherited)",
				);
				INFOPLIST_FILE = conflux_tests/Info.plist;
				LD_RUNPATH_SEARCH_PATHS = "$(inherited) @executable_path/Frameworks @loader_path/Frameworks";
				LIBRARY_SEARCH_PATHS = "$(inherited)";
				OTHER_LDFLAGS = (
					"$(inherited)",
					"-framework",
					XCTest,
					"-ObjC",
				);
				PRODUCT_NAME = confluxTests;
				PROVISIONING_PROFILE = "";
				TEST_HOST = "$(BUILT_PRODUCTS_DIR)/conflux.app/conflux";
			};
			name = Release;
		};
/* End XCBuildConfiguration section */

/* Begin XCConfigurationList section */
		F1907ED21A70A60E00182F78 /* Build configuration list for PBXProject "conflux" */ = {
			isa = XCConfigurationList;
			buildConfigurations = (
				F1907EF81A70A60E00182F78 /* Debug */,
				F1907EF91A70A60E00182F78 /* Release */,
			);
			defaultConfigurationIsVisible = 0;
			defaultConfigurationName = Release;
		};
		F1907EFA1A70A60E00182F78 /* Build configuration list for PBXNativeTarget "conflux" */ = {
			isa = XCConfigurationList;
			buildConfigurations = (
				F1907EFB1A70A60E00182F78 /* Debug */,
				F1907EFC1A70A60E00182F78 /* Release */,
			);
			defaultConfigurationIsVisible = 0;
			defaultConfigurationName = Release;
		};
		F1907EFD1A70A60E00182F78 /* Build configuration list for PBXNativeTarget "confluxTests" */ = {
			isa = XCConfigurationList;
			buildConfigurations = (
				F1907EFE1A70A60E00182F78 /* Debug */,
				F1907EFF1A70A60E00182F78 /* Release */,
			);
			defaultConfigurationIsVisible = 0;
			defaultConfigurationName = Release;
		};
/* End XCConfigurationList section */
	};
	rootObject = F1907ECF1A70A60E00182F78 /* Project object */;
}
